<?xml version="1.0" encoding="utf-8"?>
<Project ToolsVersion="4.0" xmlns="http://schemas.microsoft.com/developer/msbuild/2003">
  <ItemGroup>
    <Filter Include="Zahel">
      <UniqueIdentifier>{1996920E-85AA-BABF-4E2C-5E1FBAFFB6F0}</UniqueIdentifier>
    </Filter>
    <Filter Include="Zahel\Events">
      <UniqueIdentifier>{06154600-3530-46c0-9290-e82644cef59f}</UniqueIdentifier>
    </Filter>
  </ItemGroup>
  <ItemGroup>
    <ClInclude Include="src\Zahel.h" />
    <ClInclude Include="src\Zahel\Application.h">
      <Filter>Zahel</Filter>
    </ClInclude>
    <ClInclude Include="src\Zahel\Core.h">
      <Filter>Zahel</Filter>
    </ClInclude>
    <ClInclude Include="src\Zahel\EntryPoint.h">
      <Filter>Zahel</Filter>
    </ClInclude>
    <ClInclude Include="src\Zahel\Log.h">
      <Filter>Zahel</Filter>
    </ClInclude>
    <ClInclude Include="Event.h">
      <Filter>Zahel\Events</Filter>
    </ClInclude>
    <ClInclude Include="KevEvent.h">
      <Filter>Zahel\Events</Filter>
    </ClInclude>
  </ItemGroup>
  <ItemGroup>
    <ClCompile Include="src\Zahel\Application.cpp">
      <Filter>Zahel</Filter>
    </ClCompile>
    <ClCompile Include="src\Zahel\Log.cpp">
      <Filter>Zahel</Filter>
    </ClCompile>
  </ItemGroup>
</Project>